// !$*UTF8*$!
{
	archiveVersion = 1;
	classes = {
	};
	objectVersion = 50;
	objects = {

/* Begin PBXBuildFile section */
		82F5108E24D88DB1000E0391 /* AppDelegate.swift in Sources */ = {isa = PBXBuildFile; fileRef = 82F5108D24D88DB1000E0391 /* AppDelegate.swift */; };
		82F5109024D88DB1000E0391 /* SceneDelegate.swift in Sources */ = {isa = PBXBuildFile; fileRef = 82F5108F24D88DB1000E0391 /* SceneDelegate.swift */; };
		82F5109224D88DB1000E0391 /* ViewController.swift in Sources */ = {isa = PBXBuildFile; fileRef = 82F5109124D88DB1000E0391 /* ViewController.swift */; };
		82F5109524D88DB1000E0391 /* Main.storyboard in Resources */ = {isa = PBXBuildFile; fileRef = 82F5109324D88DB1000E0391 /* Main.storyboard */; };
		82F5109724D88DB4000E0391 /* Assets.xcassets in Resources */ = {isa = PBXBuildFile; fileRef = 82F5109624D88DB4000E0391 /* Assets.xcassets */; };
		82F5109A24D88DB4000E0391 /* LaunchScreen.storyboard in Resources */ = {isa = PBXBuildFile; fileRef = 82F5109824D88DB4000E0391 /* LaunchScreen.storyboard */; };
		82F510A524D88DB4000E0391 /* pizzaTests.swift in Sources */ = {isa = PBXBuildFile; fileRef = 82F510A424D88DB4000E0391 /* pizzaTests.swift */; };
		82F510B024D88DB4000E0391 /* pizzaUITests.swift in Sources */ = {isa = PBXBuildFile; fileRef = 82F510AF24D88DB4000E0391 /* pizzaUITests.swift */; };
/* End PBXBuildFile section */

/* Begin PBXContainerItemProxy section */
		82F510A124D88DB4000E0391 /* PBXContainerItemProxy */ = {
			isa = PBXContainerItemProxy;
			containerPortal = 82F5108224D88DB0000E0391 /* Project object */;
			proxyType = 1;
			remoteGlobalIDString = 82F5108924D88DB0000E0391;
			remoteInfo = pizza;
		};
		82F510AC24D88DB4000E0391 /* PBXContainerItemProxy */ = {
			isa = PBXContainerItemProxy;
			containerPortal = 82F5108224D88DB0000E0391 /* Project object */;
			proxyType = 1;
			remoteGlobalIDString = 82F5108924D88DB0000E0391;
			remoteInfo = pizza;
		};
/* End PBXContainerItemProxy section */

/* Begin PBXFileReference section */
		82F5108A24D88DB1000E0391 /* pizza.app */ = {isa = PBXFileReference; explicitFileType = wrapper.application; includeInIndex = 0; path = pizza.app; sourceTree = BUILT_PRODUCTS_DIR; };
		82F5108D24D88DB1000E0391 /* AppDelegate.swift */ = {isa = PBXFileReference; lastKnownFileType = sourcecode.swift; path = AppDelegate.swift; sourceTree = "<group>"; };
		82F5108F24D88DB1000E0391 /* SceneDelegate.swift */ = {isa = PBXFileReference; lastKnownFileType = sourcecode.swift; path = SceneDelegate.swift; sourceTree = "<group>"; };
		82F5109124D88DB1000E0391 /* ViewController.swift */ = {isa = PBXFileReference; lastKnownFileType = sourcecode.swift; path = ViewController.swift; sourceTree = "<group>"; };
		82F5109424D88DB1000E0391 /* Base */ = {isa = PBXFileReference; lastKnownFileType = file.storyboard; name = Base; path = Base.lproj/Main.storyboard; sourceTree = "<group>"; };
		82F5109624D88DB4000E0391 /* Assets.xcassets */ = {isa = PBXFileReference; lastKnownFileType = folder.assetcatalog; path = Assets.xcassets; sourceTree = "<group>"; };
		82F5109924D88DB4000E0391 /* Base */ = {isa = PBXFileReference; lastKnownFileType = file.storyboard; name = Base; path = Base.lproj/LaunchScreen.storyboard; sourceTree = "<group>"; };
		82F5109B24D88DB4000E0391 /* Info.plist */ = {isa = PBXFileReference; lastKnownFileType = text.plist.xml; path = Info.plist; sourceTree = "<group>"; };
		82F510A024D88DB4000E0391 /* pizzaTests.xctest */ = {isa = PBXFileReference; explicitFileType = wrapper.cfbundle; includeInIndex = 0; path = pizzaTests.xctest; sourceTree = BUILT_PRODUCTS_DIR; };
		82F510A424D88DB4000E0391 /* pizzaTests.swift */ = {isa = PBXFileReference; lastKnownFileType = sourcecode.swift; path = pizzaTests.swift; sourceTree = "<group>"; };
		82F510A624D88DB4000E0391 /* Info.plist */ = {isa = PBXFileReference; lastKnownFileType = text.plist.xml; path = Info.plist; sourceTree = "<group>"; };
		82F510AB24D88DB4000E0391 /* pizzaUITests.xctest */ = {isa = PBXFileReference; explicitFileType = wrapper.cfbundle; includeInIndex = 0; path = pizzaUITests.xctest; sourceTree = BUILT_PRODUCTS_DIR; };
		82F510AF24D88DB4000E0391 /* pizzaUITests.swift */ = {isa = PBXFileReference; lastKnownFileType = sourcecode.swift; path = pizzaUITests.swift; sourceTree = "<group>"; };
		82F510B124D88DB4000E0391 /* Info.plist */ = {isa = PBXFileReference; lastKnownFileType = text.plist.xml; path = Info.plist; sourceTree = "<group>"; };
/* End PBXFileReference section */

/* Begin PBXFrameworksBuildPhase section */
		82F5108724D88DB0000E0391 /* Frameworks */ = {
			isa = PBXFrameworksBuildPhase;
			buildActionMask = 2147483647;
			files = (
			);
			runOnlyForDeploymentPostprocessing = 0;
		};
		82F5109D24D88DB4000E0391 /* Frameworks */ = {
			isa = PBXFrameworksBuildPhase;
			buildActionMask = 2147483647;
			files = (
			);
			runOnlyForDeploymentPostprocessing = 0;
		};
		82F510A824D88DB4000E0391 /* Frameworks */ = {
			isa = PBXFrameworksBuildPhase;
			buildActionMask = 2147483647;
			files = (
			);
			runOnlyForDeploymentPostprocessing = 0;
		};
/* End PBXFrameworksBuildPhase section */

/* Begin PBXGroup section */
		82F5108124D88DB0000E0391 = {
			isa = PBXGroup;
			children = (
				82F5108C24D88DB1000E0391 /* pizza */,
				82F510A324D88DB4000E0391 /* pizzaTests */,
				82F510AE24D88DB4000E0391 /* pizzaUITests */,
				82F5108B24D88DB1000E0391 /* Products */,
			);
			sourceTree = "<group>";
		};
		82F5108B24D88DB1000E0391 /* Products */ = {
			isa = PBXGroup;
			children = (
				82F5108A24D88DB1000E0391 /* pizza.app */,
				82F510A024D88DB4000E0391 /* pizzaTests.xctest */,
				82F510AB24D88DB4000E0391 /* pizzaUITests.xctest */,
			);
			name = Products;
			sourceTree = "<group>";
		};
		82F5108C24D88DB1000E0391 /* pizza */ = {
			isa = PBXGroup;
			children = (
				82F5108D24D88DB1000E0391 /* AppDelegate.swift */,
				82F5108F24D88DB1000E0391 /* SceneDelegate.swift */,
				82F5109124D88DB1000E0391 /* ViewController.swift */,
				82F5109324D88DB1000E0391 /* Main.storyboard */,
				82F5109624D88DB4000E0391 /* Assets.xcassets */,
				82F5109824D88DB4000E0391 /* LaunchScreen.storyboard */,
				82F5109B24D88DB4000E0391 /* Info.plist */,
			);
			path = pizza;
			sourceTree = "<group>";
		};
		82F510A324D88DB4000E0391 /* pizzaTests */ = {
			isa = PBXGroup;
			children = (
				82F510A424D88DB4000E0391 /* pizzaTests.swift */,
				82F510A624D88DB4000E0391 /* Info.plist */,
			);
			path = pizzaTests;
			sourceTree = "<group>";
		};
		82F510AE24D88DB4000E0391 /* pizzaUITests */ = {
			isa = PBXGroup;
			children = (
				82F510AF24D88DB4000E0391 /* pizzaUITests.swift */,
				82F510B124D88DB4000E0391 /* Info.plist */,
			);
			path = pizzaUITests;
			sourceTree = "<group>";
		};
/* End PBXGroup section */

/* Begin PBXNativeTarget section */
		82F5108924D88DB0000E0391 /* pizza */ = {
			isa = PBXNativeTarget;
			buildConfigurationList = 82F510B424D88DB4000E0391 /* Build configuration list for PBXNativeTarget "pizza" */;
			buildPhases = (
				82F5108624D88DB0000E0391 /* Sources */,
				82F5108724D88DB0000E0391 /* Frameworks */,
				82F5108824D88DB0000E0391 /* Resources */,
			);
			buildRules = (
			);
			dependencies = (
			);
			name = pizza;
			productName = pizza;
			productReference = 82F5108A24D88DB1000E0391 /* pizza.app */;
			productType = "com.apple.product-type.application";
		};
		82F5109F24D88DB4000E0391 /* pizzaTests */ = {
			isa = PBXNativeTarget;
			buildConfigurationList = 82F510B724D88DB4000E0391 /* Build configuration list for PBXNativeTarget "pizzaTests" */;
			buildPhases = (
				82F5109C24D88DB4000E0391 /* Sources */,
				82F5109D24D88DB4000E0391 /* Frameworks */,
				82F5109E24D88DB4000E0391 /* Resources */,
			);
			buildRules = (
			);
			dependencies = (
				82F510A224D88DB4000E0391 /* PBXTargetDependency */,
			);
			name = pizzaTests;
			productName = pizzaTests;
			productReference = 82F510A024D88DB4000E0391 /* pizzaTests.xctest */;
			productType = "com.apple.product-type.bundle.unit-test";
		};
		82F510AA24D88DB4000E0391 /* pizzaUITests */ = {
			isa = PBXNativeTarget;
			buildConfigurationList = 82F510BA24D88DB4000E0391 /* Build configuration list for PBXNativeTarget "pizzaUITests" */;
			buildPhases = (
				82F510A724D88DB4000E0391 /* Sources */,
				82F510A824D88DB4000E0391 /* Frameworks */,
				82F510A924D88DB4000E0391 /* Resources */,
			);
			buildRules = (
			);
			dependencies = (
				82F510AD24D88DB4000E0391 /* PBXTargetDependency */,
			);
			name = pizzaUITests;
			productName = pizzaUITests;
			productReference = 82F510AB24D88DB4000E0391 /* pizzaUITests.xctest */;
			productType = "com.apple.product-type.bundle.ui-testing";
		};
/* End PBXNativeTarget section */

/* Begin PBXProject section */
		82F5108224D88DB0000E0391 /* Project object */ = {
			isa = PBXProject;
			attributes = {
				LastSwiftUpdateCheck = 1150;
				LastUpgradeCheck = 1150;
				ORGANIZATIONNAME = "jose sanchez";
				TargetAttributes = {
					82F5108924D88DB0000E0391 = {
						CreatedOnToolsVersion = 11.5;
					};
					82F5109F24D88DB4000E0391 = {
						CreatedOnToolsVersion = 11.5;
						TestTargetID = 82F5108924D88DB0000E0391;
					};
					82F510AA24D88DB4000E0391 = {
						CreatedOnToolsVersion = 11.5;
						TestTargetID = 82F5108924D88DB0000E0391;
					};
				};
			};
			buildConfigurationList = 82F5108524D88DB0000E0391 /* Build configuration list for PBXProject "pizza" */;
			compatibilityVersion = "Xcode 9.3";
			developmentRegion = en;
			hasScannedForEncodings = 0;
			knownRegions = (
				en,
				Base,
			);
			mainGroup = 82F5108124D88DB0000E0391;
			productRefGroup = 82F5108B24D88DB1000E0391 /* Products */;
			projectDirPath = "";
			projectRoot = "";
			targets = (
				82F5108924D88DB0000E0391 /* pizza */,
				82F5109F24D88DB4000E0391 /* pizzaTests */,
				82F510AA24D88DB4000E0391 /* pizzaUITests */,
			);
		};
/* End PBXProject section */

/* Begin PBXResourcesBuildPhase section */
		82F5108824D88DB0000E0391 /* Resources */ = {
			isa = PBXResourcesBuildPhase;
			buildActionMask = 2147483647;
			files = (
				82F5109A24D88DB4000E0391 /* LaunchScreen.storyboard in Resources */,
				82F5109724D88DB4000E0391 /* Assets.xcassets in Resources */,
				82F5109524D88DB1000E0391 /* Main.storyboard in Resources */,
			);
			runOnlyForDeploymentPostprocessing = 0;
		};
		82F5109E24D88DB4000E0391 /* Resources */ = {
			isa = PBXResourcesBuildPhase;
			buildActionMask = 2147483647;
			files = (
			);
			runOnlyForDeploymentPostprocessing = 0;
		};
		82F510A924D88DB4000E0391 /* Resources */ = {
			isa = PBXResourcesBuildPhase;
			buildActionMask = 2147483647;
			files = (
			);
			runOnlyForDeploymentPostprocessing = 0;
		};
/* End PBXResourcesBuildPhase section */

/* Begin PBXSourcesBuildPhase section */
		82F5108624D88DB0000E0391 /* Sources */ = {
			isa = PBXSourcesBuildPhase;
			buildActionMask = 2147483647;
			files = (
				82F5109224D88DB1000E0391 /* ViewController.swift in Sources */,
				82F5108E24D88DB1000E0391 /* AppDelegate.swift in Sources */,
				82F5109024D88DB1000E0391 /* SceneDelegate.swift in Sources */,
			);
			runOnlyForDeploymentPostprocessing = 0;
		};
		82F5109C24D88DB4000E0391 /* Sources */ = {
			isa = PBXSourcesBuildPhase;
			buildActionMask = 2147483647;
			files = (
				82F510A524D88DB4000E0391 /* pizzaTests.swift in Sources */,
			);
			runOnlyForDeploymentPostprocessing = 0;
		};
		82F510A724D88DB4000E0391 /* Sources */ = {
			isa = PBXSourcesBuildPhase;
			buildActionMask = 2147483647;
			files = (
				82F510B024D88DB4000E0391 /* pizzaUITests.swift in Sources */,
			);
			runOnlyForDeploymentPostprocessing = 0;
		};
/* End PBXSourcesBuildPhase section */

/* Begin PBXTargetDependency section */
		82F510A224D88DB4000E0391 /* PBXTargetDependency */ = {
			isa = PBXTargetDependency;
			target = 82F5108924D88DB0000E0391 /* pizza */;
			targetProxy = 82F510A124D88DB4000E0391 /* PBXContainerItemProxy */;
		};
		82F510AD24D88DB4000E0391 /* PBXTargetDependency */ = {
			isa = PBXTargetDependency;
			target = 82F5108924D88DB0000E0391 /* pizza */;
			targetProxy = 82F510AC24D88DB4000E0391 /* PBXContainerItemProxy */;
		};
/* End PBXTargetDependency section */

/* Begin PBXVariantGroup section */
		82F5109324D88DB1000E0391 /* Main.storyboard */ = {
			isa = PBXVariantGroup;
			children = (
				82F5109424D88DB1000E0391 /* Base */,
			);
			name = Main.storyboard;
			sourceTree = "<group>";
		};
		82F5109824D88DB4000E0391 /* LaunchScreen.storyboard */ = {
			isa = PBXVariantGroup;
			children = (
				82F5109924D88DB4000E0391 /* Base */,
			);
			name = LaunchScreen.storyboard;
			sourceTree = "<group>";
		};
/* End PBXVariantGroup section */

/* Begin XCBuildConfiguration section */
		82F510B224D88DB4000E0391 /* Debug */ = {
			isa = XCBuildConfiguration;
			buildSettings = {
				ALWAYS_SEARCH_USER_PATHS = NO;
				CLANG_ANALYZER_NONNULL = YES;
				CLANG_ANALYZER_NUMBER_OBJECT_CONVERSION = YES_AGGRESSIVE;
				CLANG_CXX_LANGUAGE_STANDARD = "gnu++14";
				CLANG_CXX_LIBRARY = "libc++";
				CLANG_ENABLE_MODULES = YES;
				CLANG_ENABLE_OBJC_ARC = YES;
				CLANG_ENABLE_OBJC_WEAK = YES;
				CLANG_WARN_BLOCK_CAPTURE_AUTORELEASING = YES;
				CLANG_WARN_BOOL_CONVERSION = YES;
				CLANG_WARN_COMMA = YES;
				CLANG_WARN_CONSTANT_CONVERSION = YES;
				CLANG_WARN_DEPRECATED_OBJC_IMPLEMENTATIONS = YES;
				CLANG_WARN_DIRECT_OBJC_ISA_USAGE = YES_ERROR;
				CLANG_WARN_DOCUMENTATION_COMMENTS = YES;
				CLANG_WARN_EMPTY_BODY = YES;
				CLANG_WARN_ENUM_CONVERSION = YES;
				CLANG_WARN_INFINITE_RECURSION = YES;
				CLANG_WARN_INT_CONVERSION = YES;
				CLANG_WARN_NON_LITERAL_NULL_CONVERSION = YES;
				CLANG_WARN_OBJC_IMPLICIT_RETAIN_SELF = YES;
				CLANG_WARN_OBJC_LITERAL_CONVERSION = YES;
				CLANG_WARN_OBJC_ROOT_CLASS = YES_ERROR;
				CLANG_WARN_RANGE_LOOP_ANALYSIS = YES;
				CLANG_WARN_STRICT_PROTOTYPES = YES;
				CLANG_WARN_SUSPICIOUS_MOVE = YES;
				CLANG_WARN_UNGUARDED_AVAILABILITY = YES_AGGRESSIVE;
				CLANG_WARN_UNREACHABLE_CODE = YES;
				CLANG_WARN__DUPLICATE_METHOD_MATCH = YES;
				COPY_PHASE_STRIP = NO;
				DEBUG_INFORMATION_FORMAT = dwarf;
				ENABLE_STRICT_OBJC_MSGSEND = YES;
				ENABLE_TESTABILITY = YES;
				GCC_C_LANGUAGE_STANDARD = gnu11;
				GCC_DYNAMIC_NO_PIC = NO;
				GCC_NO_COMMON_BLOCKS = YES;
				GCC_OPTIMIZATION_LEVEL = 0;
				GCC_PREPROCESSOR_DEFINITIONS = (
					"DEBUG=1",
					"$(inherited)",
				);
				GCC_WARN_64_TO_32_BIT_CONVERSION = YES;
				GCC_WARN_ABOUT_RETURN_TYPE = YES_ERROR;
				GCC_WARN_UNDECLARED_SELECTOR = YES;
				GCC_WARN_UNINITIALIZED_AUTOS = YES_AGGRESSIVE;
				GCC_WARN_UNUSED_FUNCTION = YES;
				GCC_WARN_UNUSED_VARIABLE = YES;
				IPHONEOS_DEPLOYMENT_TARGET = 13.5;
				MTL_ENABLE_DEBUG_INFO = INCLUDE_SOURCE;
				MTL_FAST_MATH = YES;
				ONLY_ACTIVE_ARCH = YES;
				SDKROOT = iphoneos;
				SWIFT_ACTIVE_COMPILATION_CONDITIONS = DEBUG;
				SWIFT_OPTIMIZATION_LEVEL = "-Onone";
			};
			name = Debug;
		};
		82F510B324D88DB4000E0391 /* Release */ = {
			isa = XCBuildConfiguration;
			buildSettings = {
				ALWAYS_SEARCH_USER_PATHS = NO;
				CLANG_ANALYZER_NONNULL = YES;
				CLANG_ANALYZER_NUMBER_OBJECT_CONVERSION = YES_AGGRESSIVE;
				CLANG_CXX_LANGUAGE_STANDARD = "gnu++14";
				CLANG_CXX_LIBRARY = "libc++";
				CLANG_ENABLE_MODULES = YES;
				CLANG_ENABLE_OBJC_ARC = YES;
				CLANG_ENABLE_OBJC_WEAK = YES;
				CLANG_WARN_BLOCK_CAPTURE_AUTORELEASING = YES;
				CLANG_WARN_BOOL_CONVERSION = YES;
				CLANG_WARN_COMMA = YES;
				CLANG_WARN_CONSTANT_CONVERSION = YES;
				CLANG_WARN_DEPRECATED_OBJC_IMPLEMENTATIONS = YES;
				CLANG_WARN_DIRECT_OBJC_ISA_USAGE = YES_ERROR;
				CLANG_WARN_DOCUMENTATION_COMMENTS = YES;
				CLANG_WARN_EMPTY_BODY = YES;
				CLANG_WARN_ENUM_CONVERSION = YES;
				CLANG_WARN_INFINITE_RECURSION = YES;
				CLANG_WARN_INT_CONVERSION = YES;
				CLANG_WARN_NON_LITERAL_NULL_CONVERSION = YES;
				CLANG_WARN_OBJC_IMPLICIT_RETAIN_SELF = YES;
				CLANG_WARN_OBJC_LITERAL_CONVERSION = YES;
				CLANG_WARN_OBJC_ROOT_CLASS = YES_ERROR;
				CLANG_WARN_RANGE_LOOP_ANALYSIS = YES;
				CLANG_WARN_STRICT_PROTOTYPES = YES;
				CLANG_WARN_SUSPICIOUS_MOVE = YES;
				CLANG_WARN_UNGUARDED_AVAILABILITY = YES_AGGRESSIVE;
				CLANG_WARN_UNREACHABLE_CODE = YES;
				CLANG_WARN__DUPLICATE_METHOD_MATCH = YES;
				COPY_PHASE_STRIP = NO;
				DEBUG_INFORMATION_FORMAT = "dwarf-with-dsym";
				ENABLE_NS_ASSERTIONS = NO;
				ENABLE_STRICT_OBJC_MSGSEND = YES;
				GCC_C_LANGUAGE_STANDARD = gnu11;
				GCC_NO_COMMON_BLOCKS = YES;
				GCC_WARN_64_TO_32_BIT_CONVERSION = YES;
				GCC_WARN_ABOUT_RETURN_TYPE = YES_ERROR;
				GCC_WARN_UNDECLARED_SELECTOR = YES;
				GCC_WARN_UNINITIALIZED_AUTOS = YES_AGGRESSIVE;
				GCC_WARN_UNUSED_FUNCTION = YES;
				GCC_WARN_UNUSED_VARIABLE = YES;
				IPHONEOS_DEPLOYMENT_TARGET = 13.5;
				MTL_ENABLE_DEBUG_INFO = NO;
				MTL_FAST_MATH = YES;
				SDKROOT = iphoneos;
				SWIFT_COMPILATION_MODE = wholemodule;
				SWIFT_OPTIMIZATION_LEVEL = "-O";
				VALIDATE_PRODUCT = YES;
			};
			name = Release;
		};
		82F510B524D88DB4000E0391 /* Debug */ = {
			isa = XCBuildConfiguration;
			buildSettings = {
				ASSETCATALOG_COMPILER_APPICON_NAME = AppIcon;
				CODE_SIGN_STYLE = Automatic;
				INFOPLIST_FILE = pizza/Info.plist;
				LD_RUNPATH_SEARCH_PATHS = (
					"$(inherited)",
					"@executable_path/Frameworks",
				);
				PRODUCT_BUNDLE_IDENTIFIER = dev.josesanchez.pizza;
				PRODUCT_NAME = "$(TARGET_NAME)";
				SWIFT_VERSION = 5.0;
				TARGETED_DEVICE_FAMILY = "1,2";
			};
			name = Debug;
		};
		82F510B624D88DB4000E0391 /* Release */ = {
			isa = XCBuildConfiguration;
			buildSettings = {
				ASSETCATALOG_COMPILER_APPICON_NAME = AppIcon;
				CODE_SIGN_STYLE = Automatic;
				INFOPLIST_FILE = pizza/Info.plist;
				LD_RUNPATH_SEARCH_PATHS = (
					"$(inherited)",
					"@executable_path/Frameworks",
				);
				PRODUCT_BUNDLE_IDENTIFIER = dev.josesanchez.pizza;
				PRODUCT_NAME = "$(TARGET_NAME)";
				SWIFT_VERSION = 5.0;
				TARGETED_DEVICE_FAMILY = "1,2";
			};
			name = Release;
		};
		82F510B824D88DB4000E0391 /* Debug */ = {
			isa = XCBuildConfiguration;
			buildSettings = {
				ALWAYS_EMBED_SWIFT_STANDARD_LIBRARIES = YES;
				BUNDLE_LOADER = "$(TEST_HOST)";
				CODE_SIGN_STYLE = Automatic;
				INFOPLIST_FILE = pizzaTests/Info.plist;
				IPHONEOS_DEPLOYMENT_TARGET = 13.5;
				LD_RUNPATH_SEARCH_PATHS = (
					"$(inherited)",
					"@executable_path/Frameworks",
					"@loader_path/Frameworks",
				);
				PRODUCT_BUNDLE_IDENTIFIER = dev.josesanchez.pizzaTests;
				PRODUCT_NAME = "$(TARGET_NAME)";
				SWIFT_VERSION = 5.0;
				TARGETED_DEVICE_FAMILY = "1,2";
				TEST_HOST = "$(BUILT_PRODUCTS_DIR)/pizza.app/pizza";
			};
			name = Debug;
		};
		82F510B924D88DB4000E0391 /* Release */ = {
			isa = XCBuildConfiguration;
			buildSettings = {
				ALWAYS_EMBED_SWIFT_STANDARD_LIBRARIES = YES;
				BUNDLE_LOADER = "$(TEST_HOST)";
				CODE_SIGN_STYLE = Automatic;
				INFOPLIST_FILE = pizzaTests/Info.plist;
				IPHONEOS_DEPLOYMENT_TARGET = 13.5;
				LD_RUNPATH_SEARCH_PATHS = (
					"$(inherited)",
					"@executable_path/Frameworks",
					"@loader_path/Frameworks",
				);
				PRODUCT_BUNDLE_IDENTIFIER = dev.josesanchez.pizzaTests;
				PRODUCT_NAME = "$(TARGET_NAME)";
				SWIFT_VERSION = 5.0;
				TARGETED_DEVICE_FAMILY = "1,2";
				TEST_HOST = "$(BUILT_PRODUCTS_DIR)/pizza.app/pizza";
			};
			name = Release;
		};
		82F510BB24D88DB4000E0391 /* Debug */ = {
			isa = XCBuildConfiguration;
			buildSettings = {
				ALWAYS_EMBED_SWIFT_STANDARD_LIBRARIES = YES;
				CODE_SIGN_STYLE = Automatic;
				INFOPLIST_FILE = pizzaUITests/Info.plist;
				LD_RUNPATH_SEARCH_PATHS = (
					"$(inherited)",
					"@executable_path/Frameworks",
					"@loader_path/Frameworks",
				);
				PRODUCT_BUNDLE_IDENTIFIER = dev.josesanchez.pizzaUITests;
				PRODUCT_NAME = "$(TARGET_NAME)";
				SWIFT_VERSION = 5.0;
				TARGETED_DEVICE_FAMILY = "1,2";
				TEST_TARGET_NAME = pizza;
			};
			name = Debug;
		};
		82F510BC24D88DB4000E0391 /* Release */ = {
			isa = XCBuildConfiguration;
			buildSettings = {
				ALWAYS_EMBED_SWIFT_STANDARD_LIBRARIES = YES;
				CODE_SIGN_STYLE = Automatic;
				INFOPLIST_FILE = pizzaUITests/Info.plist;
				LD_RUNPATH_SEARCH_PATHS = (
					"$(inherited)",
					"@executable_path/Frameworks",
					"@loader_path/Frameworks",
				);
				PRODUCT_BUNDLE_IDENTIFIER = dev.josesanchez.pizzaUITests;
				PRODUCT_NAME = "$(TARGET_NAME)";
				SWIFT_VERSION = 5.0;
				TARGETED_DEVICE_FAMILY = "1,2";
				TEST_TARGET_NAME = pizza;
			};
			name = Release;
		};
/* End XCBuildConfiguration section */

/* Begin XCConfigurationList section */
		82F5108524D88DB0000E0391 /* Build configuration list for PBXProject "pizza" */ = {
			isa = XCConfigurationList;
			buildConfigurations = (
				82F510B224D88DB4000E0391 /* Debug */,
				82F510B324D88DB4000E0391 /* Release */,
			);
			defaultConfigurationIsVisible = 0;
			defaultConfigurationName = Release;
		};
		82F510B424D88DB4000E0391 /* Build configuration list for PBXNativeTarget "pizza" */ = {
			isa = XCConfigurationList;
			buildConfigurations = (
				82F510B524D88DB4000E0391 /* Debug */,
				82F510B624D88DB4000E0391 /* Release */,
			);
			defaultConfigurationIsVisible = 0;
			defaultConfigurationName = Release;
		};
		82F510B724D88DB4000E0391 /* Build configuration list for PBXNativeTarget "pizzaTests" */ = {
			isa = XCConfigurationList;
			buildConfigurations = (
				82F510B824D88DB4000E0391 /* Debug */,
				82F510B924D88DB4000E0391 /* Release */,
			);
			defaultConfigurationIsVisible = 0;
			defaultConfigurationName = Release;
		};
		82F510BA24D88DB4000E0391 /* Build configuration list for PBXNativeTarget "pizzaUITests" */ = {
			isa = XCConfigurationList;
			buildConfigurations = (
				82F510BB24D88DB4000E0391 /* Debug */,
				82F510BC24D88DB4000E0391 /* Release */,
			);
			defaultConfigurationIsVisible = 0;
			defaultConfigurationName = Release;
		};
/* End XCConfigurationList section */
	};
	rootObject = 82F5108224D88DB0000E0391 /* Project object */;
}
